// !$*UTF8*$!
{
	archiveVersion = 1;
	classes = {
	};
	objectVersion = 50;
	objects = {

/* Begin PBXBuildFile section */
		03FC3E362162B47F0007E373 /* AppDelegate.swift in Sources */ = {isa = PBXBuildFile; fileRef = 03FC3E352162B47F0007E373 /* AppDelegate.swift */; };
		03FC3E3B2162B47F0007E373 /* Main.storyboard in Resources */ = {isa = PBXBuildFile; fileRef = 03FC3E392162B47F0007E373 /* Main.storyboard */; };
		03FC3E3D2162B4800007E373 /* Assets.xcassets in Resources */ = {isa = PBXBuildFile; fileRef = 03FC3E3C2162B4800007E373 /* Assets.xcassets */; };
		03FC3E402162B4800007E373 /* LaunchScreen.storyboard in Resources */ = {isa = PBXBuildFile; fileRef = 03FC3E3E2162B4800007E373 /* LaunchScreen.storyboard */; };
		03FC3E4B2162B4800007E373 /* Flix_MovieTests.swift in Sources */ = {isa = PBXBuildFile; fileRef = 03FC3E4A2162B4800007E373 /* Flix_MovieTests.swift */; };
		03FC3E562162B4800007E373 /* Flix_MovieUITests.swift in Sources */ = {isa = PBXBuildFile; fileRef = 03FC3E552162B4800007E373 /* Flix_MovieUITests.swift */; };
		03FC3E642162B5D60007E373 /* NowPlayingViewController.swift in Sources */ = {isa = PBXBuildFile; fileRef = 03FC3E632162B5D60007E373 /* NowPlayingViewController.swift */; };
		03FC3E682162B6030007E373 /* MovieCell.swift in Sources */ = {isa = PBXBuildFile; fileRef = 03FC3E672162B6030007E373 /* MovieCell.swift */; };
		417F8DD56D51A281C05078BF /* Pods_Flix_Movie.framework in Frameworks */ = {isa = PBXBuildFile; fileRef = 31B83AFB82ACAEF9D06DB775 /* Pods_Flix_Movie.framework */; };
		9A2F9B6855C57370E4B3E703 /* Pods_Flix_MovieTests.framework in Frameworks */ = {isa = PBXBuildFile; fileRef = A46D6098570788DA42D480E7 /* Pods_Flix_MovieTests.framework */; };
		F68A753F8EC1FC1E292C8B9B /* Pods_Flix_MovieUITests.framework in Frameworks */ = {isa = PBXBuildFile; fileRef = 811EF6B929029395E8A44315 /* Pods_Flix_MovieUITests.framework */; };
/* End PBXBuildFile section */

/* Begin PBXContainerItemProxy section */
		03FC3E472162B4800007E373 /* PBXContainerItemProxy */ = {
			isa = PBXContainerItemProxy;
			containerPortal = 03FC3E2A2162B47F0007E373 /* Project object */;
			proxyType = 1;
			remoteGlobalIDString = 03FC3E312162B47F0007E373;
			remoteInfo = "Flix-Movie";
		};
		03FC3E522162B4800007E373 /* PBXContainerItemProxy */ = {
			isa = PBXContainerItemProxy;
			containerPortal = 03FC3E2A2162B47F0007E373 /* Project object */;
			proxyType = 1;
			remoteGlobalIDString = 03FC3E312162B47F0007E373;
			remoteInfo = "Flix-Movie";
		};
/* End PBXContainerItemProxy section */

/* Begin PBXFileReference section */
		03FC3E322162B47F0007E373 /* Flix-Movie.app */ = {isa = PBXFileReference; explicitFileType = wrapper.application; includeInIndex = 0; path = "Flix-Movie.app"; sourceTree = BUILT_PRODUCTS_DIR; };
		03FC3E352162B47F0007E373 /* AppDelegate.swift */ = {isa = PBXFileReference; lastKnownFileType = sourcecode.swift; path = AppDelegate.swift; sourceTree = "<group>"; };
		03FC3E3A2162B47F0007E373 /* Base */ = {isa = PBXFileReference; lastKnownFileType = file.storyboard; name = Base; path = Base.lproj/Main.storyboard; sourceTree = "<group>"; };
		03FC3E3C2162B4800007E373 /* Assets.xcassets */ = {isa = PBXFileReference; lastKnownFileType = folder.assetcatalog; path = Assets.xcassets; sourceTree = "<group>"; };
		03FC3E3F2162B4800007E373 /* Base */ = {isa = PBXFileReference; lastKnownFileType = file.storyboard; name = Base; path = Base.lproj/LaunchScreen.storyboard; sourceTree = "<group>"; };
		03FC3E412162B4800007E373 /* Info.plist */ = {isa = PBXFileReference; lastKnownFileType = text.plist.xml; path = Info.plist; sourceTree = "<group>"; };
		03FC3E462162B4800007E373 /* Flix-MovieTests.xctest */ = {isa = PBXFileReference; explicitFileType = wrapper.cfbundle; includeInIndex = 0; path = "Flix-MovieTests.xctest"; sourceTree = BUILT_PRODUCTS_DIR; };
		03FC3E4A2162B4800007E373 /* Flix_MovieTests.swift */ = {isa = PBXFileReference; lastKnownFileType = sourcecode.swift; path = Flix_MovieTests.swift; sourceTree = "<group>"; };
		03FC3E4C2162B4800007E373 /* Info.plist */ = {isa = PBXFileReference; lastKnownFileType = text.plist.xml; path = Info.plist; sourceTree = "<group>"; };
		03FC3E512162B4800007E373 /* Flix-MovieUITests.xctest */ = {isa = PBXFileReference; explicitFileType = wrapper.cfbundle; includeInIndex = 0; path = "Flix-MovieUITests.xctest"; sourceTree = BUILT_PRODUCTS_DIR; };
		03FC3E552162B4800007E373 /* Flix_MovieUITests.swift */ = {isa = PBXFileReference; lastKnownFileType = sourcecode.swift; path = Flix_MovieUITests.swift; sourceTree = "<group>"; };
		03FC3E572162B4800007E373 /* Info.plist */ = {isa = PBXFileReference; lastKnownFileType = text.plist.xml; path = Info.plist; sourceTree = "<group>"; };
		03FC3E632162B5D60007E373 /* NowPlayingViewController.swift */ = {isa = PBXFileReference; lastKnownFileType = sourcecode.swift; path = NowPlayingViewController.swift; sourceTree = "<group>"; };
		03FC3E672162B6030007E373 /* MovieCell.swift */ = {isa = PBXFileReference; lastKnownFileType = sourcecode.swift; path = MovieCell.swift; sourceTree = "<group>"; };
		2B8A6349DD644C449453460B /* Pods-Flix-MovieTests.debug.xcconfig */ = {isa = PBXFileReference; includeInIndex = 1; lastKnownFileType = text.xcconfig; name = "Pods-Flix-MovieTests.debug.xcconfig"; path = "Pods/Target Support Files/Pods-Flix-MovieTests/Pods-Flix-MovieTests.debug.xcconfig"; sourceTree = "<group>"; };
		306FF4CFFC6ED605EE7DDA23 /* Pods-Flix-MovieUITests.debug.xcconfig */ = {isa = PBXFileReference; includeInIndex = 1; lastKnownFileType = text.xcconfig; name = "Pods-Flix-MovieUITests.debug.xcconfig"; path = "Pods/Target Support Files/Pods-Flix-MovieUITests/Pods-Flix-MovieUITests.debug.xcconfig"; sourceTree = "<group>"; };
		31B83AFB82ACAEF9D06DB775 /* Pods_Flix_Movie.framework */ = {isa = PBXFileReference; explicitFileType = wrapper.framework; includeInIndex = 0; path = Pods_Flix_Movie.framework; sourceTree = BUILT_PRODUCTS_DIR; };
		42917224A2CDD2EBD9F036CC /* Pods-Flix-Movie.debug.xcconfig */ = {isa = PBXFileReference; includeInIndex = 1; lastKnownFileType = text.xcconfig; name = "Pods-Flix-Movie.debug.xcconfig"; path = "Pods/Target Support Files/Pods-Flix-Movie/Pods-Flix-Movie.debug.xcconfig"; sourceTree = "<group>"; };
		74DAF387B6CF4283A46E36D8 /* Pods-Flix-MovieUITests.release.xcconfig */ = {isa = PBXFileReference; includeInIndex = 1; lastKnownFileType = text.xcconfig; name = "Pods-Flix-MovieUITests.release.xcconfig"; path = "Pods/Target Support Files/Pods-Flix-MovieUITests/Pods-Flix-MovieUITests.release.xcconfig"; sourceTree = "<group>"; };
		811EF6B929029395E8A44315 /* Pods_Flix_MovieUITests.framework */ = {isa = PBXFileReference; explicitFileType = wrapper.framework; includeInIndex = 0; path = Pods_Flix_MovieUITests.framework; sourceTree = BUILT_PRODUCTS_DIR; };
		A46D6098570788DA42D480E7 /* Pods_Flix_MovieTests.framework */ = {isa = PBXFileReference; explicitFileType = wrapper.framework; includeInIndex = 0; path = Pods_Flix_MovieTests.framework; sourceTree = BUILT_PRODUCTS_DIR; };
		FE57D6E32C229F5E9A3E7E2C /* Pods-Flix-Movie.release.xcconfig */ = {isa = PBXFileReference; includeInIndex = 1; lastKnownFileType = text.xcconfig; name = "Pods-Flix-Movie.release.xcconfig"; path = "Pods/Target Support Files/Pods-Flix-Movie/Pods-Flix-Movie.release.xcconfig"; sourceTree = "<group>"; };
		FE8C6E0F80EDF8C75D87F169 /* Pods-Flix-MovieTests.release.xcconfig */ = {isa = PBXFileReference; includeInIndex = 1; lastKnownFileType = text.xcconfig; name = "Pods-Flix-MovieTests.release.xcconfig"; path = "Pods/Target Support Files/Pods-Flix-MovieTests/Pods-Flix-MovieTests.release.xcconfig"; sourceTree = "<group>"; };
/* End PBXFileReference section */

/* Begin PBXFrameworksBuildPhase section */
		03FC3E2F2162B47F0007E373 /* Frameworks */ = {
			isa = PBXFrameworksBuildPhase;
			buildActionMask = 2147483647;
			files = (
				417F8DD56D51A281C05078BF /* Pods_Flix_Movie.framework in Frameworks */,
			);
			runOnlyForDeploymentPostprocessing = 0;
		};
		03FC3E432162B4800007E373 /* Frameworks */ = {
			isa = PBXFrameworksBuildPhase;
			buildActionMask = 2147483647;
			files = (
				9A2F9B6855C57370E4B3E703 /* Pods_Flix_MovieTests.framework in Frameworks */,
			);
			runOnlyForDeploymentPostprocessing = 0;
		};
		03FC3E4E2162B4800007E373 /* Frameworks */ = {
			isa = PBXFrameworksBuildPhase;
			buildActionMask = 2147483647;
			files = (
				F68A753F8EC1FC1E292C8B9B /* Pods_Flix_MovieUITests.framework in Frameworks */,
			);
			runOnlyForDeploymentPostprocessing = 0;
		};
/* End PBXFrameworksBuildPhase section */

/* Begin PBXGroup section */
		03FC3E292162B47F0007E373 = {
			isa = PBXGroup;
			children = (
				03FC3E342162B47F0007E373 /* Flix-Movie */,
				03FC3E492162B4800007E373 /* Flix-MovieTests */,
				03FC3E542162B4800007E373 /* Flix-MovieUITests */,
				03FC3E332162B47F0007E373 /* Products */,
				C43613902AED7D0F1C3EC229 /* Pods */,
				C4AA6EA5C441343A7C5ED736 /* Frameworks */,
			);
			sourceTree = "<group>";
		};
		03FC3E332162B47F0007E373 /* Products */ = {
			isa = PBXGroup;
			children = (
				03FC3E322162B47F0007E373 /* Flix-Movie.app */,
				03FC3E462162B4800007E373 /* Flix-MovieTests.xctest */,
				03FC3E512162B4800007E373 /* Flix-MovieUITests.xctest */,
			);
			name = Products;
			sourceTree = "<group>";
		};
		03FC3E342162B47F0007E373 /* Flix-Movie */ = {
			isa = PBXGroup;
			children = (
				03FC3E632162B5D60007E373 /* NowPlayingViewController.swift */,
				03FC3E352162B47F0007E373 /* AppDelegate.swift */,
				03FC3E392162B47F0007E373 /* Main.storyboard */,
				03FC3E3C2162B4800007E373 /* Assets.xcassets */,
				03FC3E3E2162B4800007E373 /* LaunchScreen.storyboard */,
				03FC3E412162B4800007E373 /* Info.plist */,
				03FC3E672162B6030007E373 /* MovieCell.swift */,
			);
			path = "Flix-Movie";
			sourceTree = "<group>";
		};
		03FC3E492162B4800007E373 /* Flix-MovieTests */ = {
			isa = PBXGroup;
			children = (
				03FC3E4A2162B4800007E373 /* Flix_MovieTests.swift */,
				03FC3E4C2162B4800007E373 /* Info.plist */,
			);
			path = "Flix-MovieTests";
			sourceTree = "<group>";
		};
		03FC3E542162B4800007E373 /* Flix-MovieUITests */ = {
			isa = PBXGroup;
			children = (
				03FC3E552162B4800007E373 /* Flix_MovieUITests.swift */,
				03FC3E572162B4800007E373 /* Info.plist */,
			);
			path = "Flix-MovieUITests";
			sourceTree = "<group>";
		};
		C43613902AED7D0F1C3EC229 /* Pods */ = {
			isa = PBXGroup;
			children = (
				42917224A2CDD2EBD9F036CC /* Pods-Flix-Movie.debug.xcconfig */,
				FE57D6E32C229F5E9A3E7E2C /* Pods-Flix-Movie.release.xcconfig */,
				2B8A6349DD644C449453460B /* Pods-Flix-MovieTests.debug.xcconfig */,
				FE8C6E0F80EDF8C75D87F169 /* Pods-Flix-MovieTests.release.xcconfig */,
				306FF4CFFC6ED605EE7DDA23 /* Pods-Flix-MovieUITests.debug.xcconfig */,
				74DAF387B6CF4283A46E36D8 /* Pods-Flix-MovieUITests.release.xcconfig */,
			);
			name = Pods;
			sourceTree = "<group>";
		};
		C4AA6EA5C441343A7C5ED736 /* Frameworks */ = {
			isa = PBXGroup;
			children = (
				31B83AFB82ACAEF9D06DB775 /* Pods_Flix_Movie.framework */,
				A46D6098570788DA42D480E7 /* Pods_Flix_MovieTests.framework */,
				811EF6B929029395E8A44315 /* Pods_Flix_MovieUITests.framework */,
			);
			name = Frameworks;
			sourceTree = "<group>";
		};
/* End PBXGroup section */

/* Begin PBXNativeTarget section */
		03FC3E312162B47F0007E373 /* Flix-Movie */ = {
			isa = PBXNativeTarget;
			buildConfigurationList = 03FC3E5A2162B4800007E373 /* Build configuration list for PBXNativeTarget "Flix-Movie" */;
			buildPhases = (
				099B66115C141F2BBE6D030C /* [CP] Check Pods Manifest.lock */,
				03FC3E2E2162B47F0007E373 /* Sources */,
				03FC3E2F2162B47F0007E373 /* Frameworks */,
				03FC3E302162B47F0007E373 /* Resources */,
				8586747BB3C3B5D187C65367 /* [CP] Embed Pods Frameworks */,
			);
			buildRules = (
			);
			dependencies = (
			);
			name = "Flix-Movie";
			productName = "Flix-Movie";
			productReference = 03FC3E322162B47F0007E373 /* Flix-Movie.app */;
			productType = "com.apple.product-type.application";
		};
		03FC3E452162B4800007E373 /* Flix-MovieTests */ = {
			isa = PBXNativeTarget;
			buildConfigurationList = 03FC3E5D2162B4800007E373 /* Build configuration list for PBXNativeTarget "Flix-MovieTests" */;
			buildPhases = (
				28FC5CFE3D021384B8C625FC /* [CP] Check Pods Manifest.lock */,
				03FC3E422162B4800007E373 /* Sources */,
				03FC3E432162B4800007E373 /* Frameworks */,
				03FC3E442162B4800007E373 /* Resources */,
			);
			buildRules = (
			);
			dependencies = (
				03FC3E482162B4800007E373 /* PBXTargetDependency */,
			);
			name = "Flix-MovieTests";
			productName = "Flix-MovieTests";
			productReference = 03FC3E462162B4800007E373 /* Flix-MovieTests.xctest */;
			productType = "com.apple.product-type.bundle.unit-test";
		};
		03FC3E502162B4800007E373 /* Flix-MovieUITests */ = {
			isa = PBXNativeTarget;
			buildConfigurationList = 03FC3E602162B4800007E373 /* Build configuration list for PBXNativeTarget "Flix-MovieUITests" */;
			buildPhases = (
				EB8C84797A74C1B378E10296 /* [CP] Check Pods Manifest.lock */,
				03FC3E4D2162B4800007E373 /* Sources */,
				03FC3E4E2162B4800007E373 /* Frameworks */,
				03FC3E4F2162B4800007E373 /* Resources */,
			);
			buildRules = (
			);
			dependencies = (
				03FC3E532162B4800007E373 /* PBXTargetDependency */,
			);
			name = "Flix-MovieUITests";
			productName = "Flix-MovieUITests";
			productReference = 03FC3E512162B4800007E373 /* Flix-MovieUITests.xctest */;
			productType = "com.apple.product-type.bundle.ui-testing";
		};
/* End PBXNativeTarget section */

/* Begin PBXProject section */
		03FC3E2A2162B47F0007E373 /* Project object */ = {
			isa = PBXProject;
			attributes = {
				LastSwiftUpdateCheck = 0940;
				LastUpgradeCheck = 0940;
				ORGANIZATIONNAME = "Baivab Pokhrel";
				TargetAttributes = {
					03FC3E312162B47F0007E373 = {
						CreatedOnToolsVersion = 9.4.1;
					};
					03FC3E452162B4800007E373 = {
						CreatedOnToolsVersion = 9.4.1;
						TestTargetID = 03FC3E312162B47F0007E373;
					};
					03FC3E502162B4800007E373 = {
						CreatedOnToolsVersion = 9.4.1;
						TestTargetID = 03FC3E312162B47F0007E373;
					};
				};
			};
			buildConfigurationList = 03FC3E2D2162B47F0007E373 /* Build configuration list for PBXProject "Flix-Movie" */;
			compatibilityVersion = "Xcode 9.3";
			developmentRegion = en;
			hasScannedForEncodings = 0;
			knownRegions = (
				en,
				Base,
			);
			mainGroup = 03FC3E292162B47F0007E373;
			productRefGroup = 03FC3E332162B47F0007E373 /* Products */;
			projectDirPath = "";
			projectRoot = "";
			targets = (
				03FC3E312162B47F0007E373 /* Flix-Movie */,
				03FC3E452162B4800007E373 /* Flix-MovieTests */,
				03FC3E502162B4800007E373 /* Flix-MovieUITests */,
			);
		};
/* End PBXProject section */

/* Begin PBXResourcesBuildPhase section */
		03FC3E302162B47F0007E373 /* Resources */ = {
			isa = PBXResourcesBuildPhase;
			buildActionMask = 2147483647;
			files = (
				03FC3E402162B4800007E373 /* LaunchScreen.storyboard in Resources */,
				03FC3E3D2162B4800007E373 /* Assets.xcassets in Resources */,
				03FC3E3B2162B47F0007E373 /* Main.storyboard in Resources */,
			);
			runOnlyForDeploymentPostprocessing = 0;
		};
		03FC3E442162B4800007E373 /* Resources */ = {
			isa = PBXResourcesBuildPhase;
			buildActionMask = 2147483647;
			files = (
			);
			runOnlyForDeploymentPostprocessing = 0;
		};
		03FC3E4F2162B4800007E373 /* Resources */ = {
			isa = PBXResourcesBuildPhase;
			buildActionMask = 2147483647;
			files = (
			);
			runOnlyForDeploymentPostprocessing = 0;
		};
/* End PBXResourcesBuildPhase section */

/* Begin PBXShellScriptBuildPhase section */
		099B66115C141F2BBE6D030C /* [CP] Check Pods Manifest.lock */ = {
			isa = PBXShellScriptBuildPhase;
			buildActionMask = 2147483647;
			files = (
			);
			inputPaths = (
				"${PODS_PODFILE_DIR_PATH}/Podfile.lock",
				"${PODS_ROOT}/Manifest.lock",
			);
			name = "[CP] Check Pods Manifest.lock";
			outputPaths = (
				"$(DERIVED_FILE_DIR)/Pods-Flix-Movie-checkManifestLockResult.txt",
			);
			runOnlyForDeploymentPostprocessing = 0;
			shellPath = /bin/sh;
			shellScript = "diff \"${PODS_PODFILE_DIR_PATH}/Podfile.lock\" \"${PODS_ROOT}/Manifest.lock\" > /dev/null\nif [ $? != 0 ] ; then\n    # print error to STDERR\n    echo \"error: The sandbox is not in sync with the Podfile.lock. Run 'pod install' or update your CocoaPods installation.\" >&2\n    exit 1\nfi\n# This output is used by Xcode 'outputs' to avoid re-running this script phase.\necho \"SUCCESS\" > \"${SCRIPT_OUTPUT_FILE_0}\"\n";
			showEnvVarsInLog = 0;
		};
		28FC5CFE3D021384B8C625FC /* [CP] Check Pods Manifest.lock */ = {
			isa = PBXShellScriptBuildPhase;
			buildActionMask = 2147483647;
			files = (
			);
			inputPaths = (
				"${PODS_PODFILE_DIR_PATH}/Podfile.lock",
				"${PODS_ROOT}/Manifest.lock",
			);
			name = "[CP] Check Pods Manifest.lock";
			outputPaths = (
				"$(DERIVED_FILE_DIR)/Pods-Flix-MovieTests-checkManifestLockResult.txt",
			);
			runOnlyForDeploymentPostprocessing = 0;
			shellPath = /bin/sh;
			shellScript = "diff \"${PODS_PODFILE_DIR_PATH}/Podfile.lock\" \"${PODS_ROOT}/Manifest.lock\" > /dev/null\nif [ $? != 0 ] ; then\n    # print error to STDERR\n    echo \"error: The sandbox is not in sync with the Podfile.lock. Run 'pod install' or update your CocoaPods installation.\" >&2\n    exit 1\nfi\n# This output is used by Xcode 'outputs' to avoid re-running this script phase.\necho \"SUCCESS\" > \"${SCRIPT_OUTPUT_FILE_0}\"\n";
			showEnvVarsInLog = 0;
		};
		8586747BB3C3B5D187C65367 /* [CP] Embed Pods Frameworks */ = {
			isa = PBXShellScriptBuildPhase;
			buildActionMask = 2147483647;
			files = (
			);
			inputPaths = (
				"${SRCROOT}/Pods/Target Support Files/Pods-Flix-Movie/Pods-Flix-Movie-frameworks.sh",
				"${BUILT_PRODUCTS_DIR}/Alamofire/Alamofire.framework",
				"${BUILT_PRODUCTS_DIR}/AlamofireImage/AlamofireImage.framework",
			);
			name = "[CP] Embed Pods Frameworks";
			outputPaths = (
				"${TARGET_BUILD_DIR}/${FRAMEWORKS_FOLDER_PATH}/Alamofire.framework",
				"${TARGET_BUILD_DIR}/${FRAMEWORKS_FOLDER_PATH}/AlamofireImage.framework",
			);
			runOnlyForDeploymentPostprocessing = 0;
			shellPath = /bin/sh;
			shellScript = "\"${SRCROOT}/Pods/Target Support Files/Pods-Flix-Movie/Pods-Flix-Movie-frameworks.sh\"\n";
			showEnvVarsInLog = 0;
		};
		EB8C84797A74C1B378E10296 /* [CP] Check Pods Manifest.lock */ = {
			isa = PBXShellScriptBuildPhase;
			buildActionMask = 2147483647;
			files = (
			);
			inputPaths = (
				"${PODS_PODFILE_DIR_PATH}/Podfile.lock",
				"${PODS_ROOT}/Manifest.lock",
			);
			name = "[CP] Check Pods Manifest.lock";
			outputPaths = (
				"$(DERIVED_FILE_DIR)/Pods-Flix-MovieUITests-checkManifestLockResult.txt",
			);
			runOnlyForDeploymentPostprocessing = 0;
			shellPath = /bin/sh;
			shellScript = "diff \"${PODS_PODFILE_DIR_PATH}/Podfile.lock\" \"${PODS_ROOT}/Manifest.lock\" > /dev/null\nif [ $? != 0 ] ; then\n    # print error to STDERR\n    echo \"error: The sandbox is not in sync with the Podfile.lock. Run 'pod install' or update your CocoaPods installation.\" >&2\n    exit 1\nfi\n# This output is used by Xcode 'outputs' to avoid re-running this script phase.\necho \"SUCCESS\" > \"${SCRIPT_OUTPUT_FILE_0}\"\n";
			showEnvVarsInLog = 0;
		};
/* End PBXShellScriptBuildPhase section */

/* Begin PBXSourcesBuildPhase section */
		03FC3E2E2162B47F0007E373 /* Sources */ = {
			isa = PBXSourcesBuildPhase;
			buildActionMask = 2147483647;
			files = (
				03FC3E642162B5D60007E373 /* NowPlayingViewController.swift in Sources */,
				03FC3E362162B47F0007E373 /* AppDelegate.swift in Sources */,
				03FC3E682162B6030007E373 /* MovieCell.swift in Sources */,
			);
			runOnlyForDeploymentPostprocessing = 0;
		};
		03FC3E422162B4800007E373 /* Sources */ = {
			isa = PBXSourcesBuildPhase;
			buildActionMask = 2147483647;
			files = (
				03FC3E4B2162B4800007E373 /* Flix_MovieTests.swift in Sources */,
			);
			runOnlyForDeploymentPostprocessing = 0;
		};
		03FC3E4D2162B4800007E373 /* Sources */ = {
			isa = PBXSourcesBuildPhase;
			buildActionMask = 2147483647;
			files = (
				03FC3E562162B4800007E373 /* Flix_MovieUITests.swift in Sources */,
			);
			runOnlyForDeploymentPostprocessing = 0;
		};
/* End PBXSourcesBuildPhase section */

/* Begin PBXTargetDependency section */
		03FC3E482162B4800007E373 /* PBXTargetDependency */ = {
			isa = PBXTargetDependency;
			target = 03FC3E312162B47F0007E373 /* Flix-Movie */;
			targetProxy = 03FC3E472162B4800007E373 /* PBXContainerItemProxy */;
		};
		03FC3E532162B4800007E373 /* PBXTargetDependency */ = {
			isa = PBXTargetDependency;
			target = 03FC3E312162B47F0007E373 /* Flix-Movie */;
			targetProxy = 03FC3E522162B4800007E373 /* PBXContainerItemProxy */;
		};
/* End PBXTargetDependency section */

/* Begin PBXVariantGroup section */
		03FC3E392162B47F0007E373 /* Main.storyboard */ = {
			isa = PBXVariantGroup;
			children = (
				03FC3E3A2162B47F0007E373 /* Base */,
			);
			name = Main.storyboard;
			sourceTree = "<group>";
		};
		03FC3E3E2162B4800007E373 /* LaunchScreen.storyboard */ = {
			isa = PBXVariantGroup;
			children = (
				03FC3E3F2162B4800007E373 /* Base */,
			);
			name = LaunchScreen.storyboard;
			sourceTree = "<group>";
		};
/* End PBXVariantGroup section */

/* Begin XCBuildConfiguration section */
		03FC3E582162B4800007E373 /* Debug */ = {
			isa = XCBuildConfiguration;
			buildSettings = {
				ALWAYS_SEARCH_USER_PATHS = NO;
				CLANG_ANALYZER_NONNULL = YES;
				CLANG_ANALYZER_NUMBER_OBJECT_CONVERSION = YES_AGGRESSIVE;
				CLANG_CXX_LANGUAGE_STANDARD = "gnu++14";
				CLANG_CXX_LIBRARY = "libc++";
				CLANG_ENABLE_MODULES = YES;
				CLANG_ENABLE_OBJC_ARC = YES;
				CLANG_ENABLE_OBJC_WEAK = YES;
				CLANG_WARN_BLOCK_CAPTURE_AUTORELEASING = YES;
				CLANG_WARN_BOOL_CONVERSION = YES;
				CLANG_WARN_COMMA = YES;
				CLANG_WARN_CONSTANT_CONVERSION = YES;
				CLANG_WARN_DEPRECATED_OBJC_IMPLEMENTATIONS = YES;
				CLANG_WARN_DIRECT_OBJC_ISA_USAGE = YES_ERROR;
				CLANG_WARN_DOCUMENTATION_COMMENTS = YES;
				CLANG_WARN_EMPTY_BODY = YES;
				CLANG_WARN_ENUM_CONVERSION = YES;
				CLANG_WARN_INFINITE_RECURSION = YES;
				CLANG_WARN_INT_CONVERSION = YES;
				CLANG_WARN_NON_LITERAL_NULL_CONVERSION = YES;
				CLANG_WARN_OBJC_IMPLICIT_RETAIN_SELF = YES;
				CLANG_WARN_OBJC_LITERAL_CONVERSION = YES;
				CLANG_WARN_OBJC_ROOT_CLASS = YES_ERROR;
				CLANG_WARN_RANGE_LOOP_ANALYSIS = YES;
				CLANG_WARN_STRICT_PROTOTYPES = YES;
				CLANG_WARN_SUSPICIOUS_MOVE = YES;
				CLANG_WARN_UNGUARDED_AVAILABILITY = YES_AGGRESSIVE;
				CLANG_WARN_UNREACHABLE_CODE = YES;
				CLANG_WARN__DUPLICATE_METHOD_MATCH = YES;
				CODE_SIGN_IDENTITY = "iPhone Developer";
				COPY_PHASE_STRIP = NO;
				DEBUG_INFORMATION_FORMAT = dwarf;
				ENABLE_STRICT_OBJC_MSGSEND = YES;
				ENABLE_TESTABILITY = YES;
				GCC_C_LANGUAGE_STANDARD = gnu11;
				GCC_DYNAMIC_NO_PIC = NO;
				GCC_NO_COMMON_BLOCKS = YES;
				GCC_OPTIMIZATION_LEVEL = 0;
				GCC_PREPROCESSOR_DEFINITIONS = (
					"DEBUG=1",
					"$(inherited)",
				);
				GCC_WARN_64_TO_32_BIT_CONVERSION = YES;
				GCC_WARN_ABOUT_RETURN_TYPE = YES_ERROR;
				GCC_WARN_UNDECLARED_SELECTOR = YES;
				GCC_WARN_UNINITIALIZED_AUTOS = YES_AGGRESSIVE;
				GCC_WARN_UNUSED_FUNCTION = YES;
				GCC_WARN_UNUSED_VARIABLE = YES;
				IPHONEOS_DEPLOYMENT_TARGET = 11.4;
				MTL_ENABLE_DEBUG_INFO = YES;
				ONLY_ACTIVE_ARCH = YES;
				SDKROOT = iphoneos;
				SWIFT_ACTIVE_COMPILATION_CONDITIONS = DEBUG;
				SWIFT_OPTIMIZATION_LEVEL = "-Onone";
			};
			name = Debug;
		};
		03FC3E592162B4800007E373 /* Release */ = {
			isa = XCBuildConfiguration;
			buildSettings = {
				ALWAYS_SEARCH_USER_PATHS = NO;
				CLANG_ANALYZER_NONNULL = YES;
				CLANG_ANALYZER_NUMBER_OBJECT_CONVERSION = YES_AGGRESSIVE;
				CLANG_CXX_LANGUAGE_STANDARD = "gnu++14";
				CLANG_CXX_LIBRARY = "libc++";
				CLANG_ENABLE_MODULES = YES;
				CLANG_ENABLE_OBJC_ARC = YES;
				CLANG_ENABLE_OBJC_WEAK = YES;
				CLANG_WARN_BLOCK_CAPTURE_AUTORELEASING = YES;
				CLANG_WARN_BOOL_CONVERSION = YES;
				CLANG_WARN_COMMA = YES;
				CLANG_WARN_CONSTANT_CONVERSION = YES;
				CLANG_WARN_DEPRECATED_OBJC_IMPLEMENTATIONS = YES;
				CLANG_WARN_DIRECT_OBJC_ISA_USAGE = YES_ERROR;
				CLANG_WARN_DOCUMENTATION_COMMENTS = YES;
				CLANG_WARN_EMPTY_BODY = YES;
				CLANG_WARN_ENUM_CONVERSION = YES;
				CLANG_WARN_INFINITE_RECURSION = YES;
				CLANG_WARN_INT_CONVERSION = YES;
				CLANG_WARN_NON_LITERAL_NULL_CONVERSION = YES;
				CLANG_WARN_OBJC_IMPLICIT_RETAIN_SELF = YES;
				CLANG_WARN_OBJC_LITERAL_CONVERSION = YES;
				CLANG_WARN_OBJC_ROOT_CLASS = YES_ERROR;
				CLANG_WARN_RANGE_LOOP_ANALYSIS = YES;
				CLANG_WARN_STRICT_PROTOTYPES = YES;
				CLANG_WARN_SUSPICIOUS_MOVE = YES;
				CLANG_WARN_UNGUARDED_AVAILABILITY = YES_AGGRESSIVE;
				CLANG_WARN_UNREACHABLE_CODE = YES;
				CLANG_WARN__DUPLICATE_METHOD_MATCH = YES;
				CODE_SIGN_IDENTITY = "iPhone Developer";
				COPY_PHASE_STRIP = NO;
				DEBUG_INFORMATION_FORMAT = "dwarf-with-dsym";
				ENABLE_NS_ASSERTIONS = NO;
				ENABLE_STRICT_OBJC_MSGSEND = YES;
				GCC_C_LANGUAGE_STANDARD = gnu11;
				GCC_NO_COMMON_BLOCKS = YES;
				GCC_WARN_64_TO_32_BIT_CONVERSION = YES;
				GCC_WARN_ABOUT_RETURN_TYPE = YES_ERROR;
				GCC_WARN_UNDECLARED_SELECTOR = YES;
				GCC_WARN_UNINITIALIZED_AUTOS = YES_AGGRESSIVE;
				GCC_WARN_UNUSED_FUNCTION = YES;
				GCC_WARN_UNUSED_VARIABLE = YES;
				IPHONEOS_DEPLOYMENT_TARGET = 11.4;
				MTL_ENABLE_DEBUG_INFO = NO;
				SDKROOT = iphoneos;
				SWIFT_COMPILATION_MODE = wholemodule;
				SWIFT_OPTIMIZATION_LEVEL = "-O";
				VALIDATE_PRODUCT = YES;
			};
			name = Release;
		};
		03FC3E5B2162B4800007E373 /* Debug */ = {
			isa = XCBuildConfiguration;
			baseConfigurationReference = 42917224A2CDD2EBD9F036CC /* Pods-Flix-Movie.debug.xcconfig */;
			buildSettings = {
				ASSETCATALOG_COMPILER_APPICON_NAME = AppIcon;
				CODE_SIGN_STYLE = Automatic;
				DEVELOPMENT_TEAM = 4L6J5955R4;
				INFOPLIST_FILE = "Flix-Movie/Info.plist";
				LD_RUNPATH_SEARCH_PATHS = (
					"$(inherited)",
					"@executable_path/Frameworks",
				);
				PRODUCT_BUNDLE_IDENTIFIER = "com.Baivab-Pokhrel.Flix-Movie";
				PRODUCT_NAME = "$(TARGET_NAME)";
				SWIFT_VERSION = 4.0;
				TARGETED_DEVICE_FAMILY = "1,2";
			};
			name = Debug;
		};
		03FC3E5C2162B4800007E373 /* Release */ = {
			isa = XCBuildConfiguration;
			baseConfigurationReference = FE57D6E32C229F5E9A3E7E2C /* Pods-Flix-Movie.release.xcconfig */;
			buildSettings = {
				ASSETCATALOG_COMPILER_APPICON_NAME = AppIcon;
				CODE_SIGN_STYLE = Automatic;
				DEVELOPMENT_TEAM = 4L6J5955R4;
				INFOPLIST_FILE = "Flix-Movie/Info.plist";
				LD_RUNPATH_SEARCH_PATHS = (
					"$(inherited)",
					"@executable_path/Frameworks",
				);
				PRODUCT_BUNDLE_IDENTIFIER = "com.Baivab-Pokhrel.Flix-Movie";
				PRODUCT_NAME = "$(TARGET_NAME)";
				SWIFT_VERSION = 4.0;
				TARGETED_DEVICE_FAMILY = "1,2";
			};
			name = Release;
		};
		03FC3E5E2162B4800007E373 /* Debug */ = {
			isa = XCBuildConfiguration;
			baseConfigurationReference = 2B8A6349DD644C449453460B /* Pods-Flix-MovieTests.debug.xcconfig */;
			buildSettings = {
				ALWAYS_EMBED_SWIFT_STANDARD_LIBRARIES = YES;
				BUNDLE_LOADER = "$(TEST_HOST)";
				CODE_SIGN_STYLE = Automatic;
				DEVELOPMENT_TEAM = 4L6J5955R4;
				INFOPLIST_FILE = "Flix-MovieTests/Info.plist";
				LD_RUNPATH_SEARCH_PATHS = (
					"$(inherited)",
					"@executable_path/Frameworks",
					"@loader_path/Frameworks",
				);
				PRODUCT_BUNDLE_IDENTIFIER = "com.Baivab-Pokhrel.Flix-MovieTests";
				PRODUCT_NAME = "$(TARGET_NAME)";
				SWIFT_VERSION = 4.0;
				TARGETED_DEVICE_FAMILY = "1,2";
				TEST_HOST = "$(BUILT_PRODUCTS_DIR)/Flix-Movie.app/Flix-Movie";
			};
			name = Debug;
		};
		03FC3E5F2162B4800007E373 /* Release */ = {
			isa = XCBuildConfiguration;
			baseConfigurationReference = FE8C6E0F80EDF8C75D87F169 /* Pods-Flix-MovieTests.release.xcconfig */;
			buildSettings = {
				ALWAYS_EMBED_SWIFT_STANDARD_LIBRARIES = YES;
				BUNDLE_LOADER = "$(TEST_HOST)";
				CODE_SIGN_STYLE = Automatic;
				DEVELOPMENT_TEAM = 4L6J5955R4;
				INFOPLIST_FILE = "Flix-MovieTests/Info.plist";
				LD_RUNPATH_SEARCH_PATHS = (
					"$(inherited)",
					"@executable_path/Frameworks",
					"@loader_path/Frameworks",
				);
				PRODUCT_BUNDLE_IDENTIFIER = "com.Baivab-Pokhrel.Flix-MovieTests";
				PRODUCT_NAME = "$(TARGET_NAME)";
				SWIFT_VERSION = 4.0;
				TARGETED_DEVICE_FAMILY = "1,2";
				TEST_HOST = "$(BUILT_PRODUCTS_DIR)/Flix-Movie.app/Flix-Movie";
			};
			name = Release;
		};
		03FC3E612162B4800007E373 /* Debug */ = {
			isa = XCBuildConfiguration;
			baseConfigurationReference = 306FF4CFFC6ED605EE7DDA23 /* Pods-Flix-MovieUITests.debug.xcconfig */;
			buildSettings = {
				ALWAYS_EMBED_SWIFT_STANDARD_LIBRARIES = YES;
				CODE_SIGN_STYLE = Automatic;
				DEVELOPMENT_TEAM = 4L6J5955R4;
				INFOPLIST_FILE = "Flix-MovieUITests/Info.plist";
				LD_RUNPATH_SEARCH_PATHS = (
					"$(inherited)",
					"@executable_path/Frameworks",
					"@loader_path/Frameworks",
				);
				PRODUCT_BUNDLE_IDENTIFIER = "com.Baivab-Pokhrel.Flix-MovieUITests";
				PRODUCT_NAME = "$(TARGET_NAME)";
				SWIFT_VERSION = 4.0;
				TARGETED_DEVICE_FAMILY = "1,2";
				TEST_TARGET_NAME = "Flix-Movie";
			};
			name = Debug;
		};
		03FC3E622162B4800007E373 /* Release */ = {
			isa = XCBuildConfiguration;
			baseConfigurationReference = 74DAF387B6CF4283A46E36D8 /* Pods-Flix-MovieUITests.release.xcconfig */;
			buildSettings = {
				ALWAYS_EMBED_SWIFT_STANDARD_LIBRARIES = YES;
				CODE_SIGN_STYLE = Automatic;
				DEVELOPMENT_TEAM = 4L6J5955R4;
				INFOPLIST_FILE = "Flix-MovieUITests/Info.plist";
				LD_RUNPATH_SEARCH_PATHS = (
					"$(inherited)",
					"@executable_path/Frameworks",
					"@loader_path/Frameworks",
				);
				PRODUCT_BUNDLE_IDENTIFIER = "com.Baivab-Pokhrel.Flix-MovieUITests";
				PRODUCT_NAME = "$(TARGET_NAME)";
				SWIFT_VERSION = 4.0;
				TARGETED_DEVICE_FAMILY = "1,2";
				TEST_TARGET_NAME = "Flix-Movie";
			};
			name = Release;
		};
/* End XCBuildConfiguration section */

/* Begin XCConfigurationList section */
		03FC3E2D2162B47F0007E373 /* Build configuration list for PBXProject "Flix-Movie" */ = {
			isa = XCConfigurationList;
			buildConfigurations = (
				03FC3E582162B4800007E373 /* Debug */,
				03FC3E592162B4800007E373 /* Release */,
			);
			defaultConfigurationIsVisible = 0;
			defaultConfigurationName = Release;
		};
		03FC3E5A2162B4800007E373 /* Build configuration list for PBXNativeTarget "Flix-Movie" */ = {
			isa = XCConfigurationList;
			buildConfigurations = (
				03FC3E5B2162B4800007E373 /* Debug */,
				03FC3E5C2162B4800007E373 /* Release */,
			);
			defaultConfigurationIsVisible = 0;
			defaultConfigurationName = Release;
		};
		03FC3E5D2162B4800007E373 /* Build configuration list for PBXNativeTarget "Flix-MovieTests" */ = {
			isa = XCConfigurationList;
			buildConfigurations = (
				03FC3E5E2162B4800007E373 /* Debug */,
				03FC3E5F2162B4800007E373 /* Release */,
			);
			defaultConfigurationIsVisible = 0;
			defaultConfigurationName = Release;
		};
		03FC3E602162B4800007E373 /* Build configuration list for PBXNativeTarget "Flix-MovieUITests" */ = {
			isa = XCConfigurationList;
			buildConfigurations = (
				03FC3E612162B4800007E373 /* Debug */,
				03FC3E622162B4800007E373 /* Release */,
			);
			defaultConfigurationIsVisible = 0;
			defaultConfigurationName = Release;
		};
/* End XCConfigurationList section */
	};
	rootObject = 03FC3E2A2162B47F0007E373 /* Project object */;
}
